
Microsoft Visual Studio Solution File, Format Version 12.00
# Visual Studio Version 17
VisualStudioVersion = 17.11.35303.130
MinimumVisualStudioVersion = 10.0.40219.1
Project("{FAE04EC0-301F-11D3-BF4B-00C04F79EFBC}") = "Radona Web Application", "Radona Web Application.csproj", "{B3268243-43A3-4C5B-804F-23D8A4D1553C}"
EndProject
Global
	GlobalSection(SolutionConfigurationPlatforms) = preSolution
		Debug|Any CPU = Debug|Any CPU
		Release|Any CPU = Release|Any CPU
	EndGlobalSection
	GlobalSection(ProjectConfigurationPlatforms) = postSolution
		{B3268243-43A3-4C5B-804F-23D8A4D1553C}.Debug|Any CPU.ActiveCfg = Debug|Any CPU
		{B3268243-43A3-4C5B-804F-23D8A4D1553C}.Debug|Any CPU.Build.0 = Debug|Any CPU
		{B3268243-43A3-4C5B-804F-23D8A4D1553C}.Release|Any CPU.ActiveCfg = Release|Any CPU
		{B3268243-43A3-4C5B-804F-23D8A4D1553C}.Release|Any CPU.Build.0 = Release|Any CPU
	EndGlobalSection
	GlobalSection(SolutionProperties) = preSolution
		HideSolutionNode = FALSE
	EndGlobalSection
	GlobalSection(ExtensibilityGlobals) = postSolution
		SolutionGuid = {F54BBB07-06C5-43D3-9624-F179A4BFBD43}
	EndGlobalSection
EndGlobal
